
Microsoft Visual Studio Solution File, Format Version 12.00
# Visual Studio 15
VisualStudioVersion = 15.0.26730.15
MinimumVisualStudioVersion = 10.0.40219.1
Project("{2150E333-8FDC-42A3-9474-1A3956D46DE8}") = "DataLayer", "DataLayer", "{8E2B0A18-CAB3-4621-9C97-1BA7819E968B}"
EndProject
Project("{9A19103F-16F7-4668-BE54-9A1E7A4F7556}") = "DatabaseModel", "DataLayer\DatabaseModel\DatabaseModel.csproj", "{473C44B9-B169-4D9D-989C-E3BF6BD0FC35}"
EndProject
Project("{FAE04EC0-301F-11D3-BF4B-00C04F79EFBC}") = "DatabaseModelGenerator", "DataLayer\DatabaseModelGenerator\DatabaseModelGenerator.csproj", "{20F8F4AC-7DF6-4130-BAF4-E9BE944CB9A9}"
EndProject
Project("{9A19103F-16F7-4668-BE54-9A1E7A4F7556}") = "DataRepositories", "DataLayer\RepositoryAccessors\DataRepositories.csproj", "{078593F8-550A-456E-A9F8-56A1A863AD13}"
EndProject
Project("{2150E333-8FDC-42A3-9474-1A3956D46DE8}") = "PresentationLayer", "PresentationLayer", "{ED455E0D-7B4A-45E8-879D-4CB55870D6AB}"
EndProject
Project("{2150E333-8FDC-42A3-9474-1A3956D46DE8}") = "BusinessLayer", "BusinessLayer", "{C0A4D2FB-3A05-47E2-90AF-77EB7BC5F38B}"
EndProject
Project("{2150E333-8FDC-42A3-9474-1A3956D46DE8}") = "Tests", "Tests", "{F849743A-36F0-427B-A8A6-1CBA1C94C508}"
EndProject
Project("{FAE04EC0-301F-11D3-BF4B-00C04F79EFBC}") = "GUI", "GUI\GUI.csproj", "{D86309AA-9B15-4FEA-8396-0B19E7F6F447}"
EndProject
Global
	GlobalSection(SolutionConfigurationPlatforms) = preSolution
		Debug|Any CPU = Debug|Any CPU
		Release|Any CPU = Release|Any CPU
	EndGlobalSection
	GlobalSection(ProjectConfigurationPlatforms) = postSolution
		{473C44B9-B169-4D9D-989C-E3BF6BD0FC35}.Debug|Any CPU.ActiveCfg = Debug|Any CPU
		{473C44B9-B169-4D9D-989C-E3BF6BD0FC35}.Debug|Any CPU.Build.0 = Debug|Any CPU
		{473C44B9-B169-4D9D-989C-E3BF6BD0FC35}.Release|Any CPU.ActiveCfg = Release|Any CPU
		{473C44B9-B169-4D9D-989C-E3BF6BD0FC35}.Release|Any CPU.Build.0 = Release|Any CPU
		{20F8F4AC-7DF6-4130-BAF4-E9BE944CB9A9}.Debug|Any CPU.ActiveCfg = Debug|Any CPU
		{20F8F4AC-7DF6-4130-BAF4-E9BE944CB9A9}.Debug|Any CPU.Build.0 = Debug|Any CPU
		{20F8F4AC-7DF6-4130-BAF4-E9BE944CB9A9}.Release|Any CPU.ActiveCfg = Release|Any CPU
		{20F8F4AC-7DF6-4130-BAF4-E9BE944CB9A9}.Release|Any CPU.Build.0 = Release|Any CPU
		{078593F8-550A-456E-A9F8-56A1A863AD13}.Debug|Any CPU.ActiveCfg = Debug|Any CPU
		{078593F8-550A-456E-A9F8-56A1A863AD13}.Debug|Any CPU.Build.0 = Debug|Any CPU
		{078593F8-550A-456E-A9F8-56A1A863AD13}.Release|Any CPU.ActiveCfg = Release|Any CPU
		{078593F8-550A-456E-A9F8-56A1A863AD13}.Release|Any CPU.Build.0 = Release|Any CPU
		{D86309AA-9B15-4FEA-8396-0B19E7F6F447}.Debug|Any CPU.ActiveCfg = Debug|Any CPU
		{D86309AA-9B15-4FEA-8396-0B19E7F6F447}.Debug|Any CPU.Build.0 = Debug|Any CPU
		{D86309AA-9B15-4FEA-8396-0B19E7F6F447}.Release|Any CPU.ActiveCfg = Release|Any CPU
		{D86309AA-9B15-4FEA-8396-0B19E7F6F447}.Release|Any CPU.Build.0 = Release|Any CPU
	EndGlobalSection
	GlobalSection(SolutionProperties) = preSolution
		HideSolutionNode = FALSE
	EndGlobalSection
	GlobalSection(NestedProjects) = preSolution
		{473C44B9-B169-4D9D-989C-E3BF6BD0FC35} = {8E2B0A18-CAB3-4621-9C97-1BA7819E968B}
		{20F8F4AC-7DF6-4130-BAF4-E9BE944CB9A9} = {8E2B0A18-CAB3-4621-9C97-1BA7819E968B}
		{078593F8-550A-456E-A9F8-56A1A863AD13} = {8E2B0A18-CAB3-4621-9C97-1BA7819E968B}
		{D86309AA-9B15-4FEA-8396-0B19E7F6F447} = {ED455E0D-7B4A-45E8-879D-4CB55870D6AB}
	EndGlobalSection
	GlobalSection(ExtensibilityGlobals) = postSolution
		SolutionGuid = {DA57C2AA-E242-4892-A583-EE56CD2AEF28}
	EndGlobalSection
EndGlobal
